// !$*UTF8*$!
{
	archiveVersion = 1;
	classes = {
	};
	objectVersion = 50;
	objects = {

/* Begin PBXBuildFile section */
		C226A1052434CB210098CEFC /* UserFacingMessage.swift in Sources */ = {isa = PBXBuildFile; fileRef = C226A1042434CB210098CEFC /* UserFacingMessage.swift */; };
		C226A1082434FA2D0098CEFC /* DustStatusCell.swift in Sources */ = {isa = PBXBuildFile; fileRef = C226A1072434FA2D0098CEFC /* DustStatusCell.swift */; };
		C226A10A2434FA790098CEFC /* UITableViewExtension.swift in Sources */ = {isa = PBXBuildFile; fileRef = C226A1092434FA790098CEFC /* UITableViewExtension.swift */; };
		C226A10D2435BF3C0098CEFC /* DustStatusTableViewDataSource.swift in Sources */ = {isa = PBXBuildFile; fileRef = C226A10C2435BF3C0098CEFC /* DustStatusTableViewDataSource.swift */; };
		C226A10F2435C4F20098CEFC /* UIColorExtension.swift in Sources */ = {isa = PBXBuildFile; fileRef = C226A10E2435C4F20098CEFC /* UIColorExtension.swift */; };
		C226A1112435DF1A0098CEFC /* DustStatusTableViewDelegate.swift in Sources */ = {isa = PBXBuildFile; fileRef = C226A1102435DF1A0098CEFC /* DustStatusTableViewDelegate.swift */; };
		C2725AE02430E090000E4A38 /* AppDelegate.swift in Sources */ = {isa = PBXBuildFile; fileRef = C2725ADF2430E090000E4A38 /* AppDelegate.swift */; };
		C2725AE22430E090000E4A38 /* SceneDelegate.swift in Sources */ = {isa = PBXBuildFile; fileRef = C2725AE12430E090000E4A38 /* SceneDelegate.swift */; };
		C2725AE42430E090000E4A38 /* DustViewController.swift in Sources */ = {isa = PBXBuildFile; fileRef = C2725AE32430E090000E4A38 /* DustViewController.swift */; };
		C2725AE72430E090000E4A38 /* Main.storyboard in Resources */ = {isa = PBXBuildFile; fileRef = C2725AE52430E090000E4A38 /* Main.storyboard */; };
		C2725AE92430E092000E4A38 /* Assets.xcassets in Resources */ = {isa = PBXBuildFile; fileRef = C2725AE82430E092000E4A38 /* Assets.xcassets */; };
		C2725AEC2430E092000E4A38 /* LaunchScreen.storyboard in Resources */ = {isa = PBXBuildFile; fileRef = C2725AEA2430E092000E4A38 /* LaunchScreen.storyboard */; };
		C2725AF72430E092000E4A38 /* DustTests.swift in Sources */ = {isa = PBXBuildFile; fileRef = C2725AF62430E092000E4A38 /* DustTests.swift */; };
		C2725B022430E269000E4A38 /* ForecastViewController.swift in Sources */ = {isa = PBXBuildFile; fileRef = C2725B012430E269000E4A38 /* ForecastViewController.swift */; };
		C2725B06243228F0000E4A38 /* DustViewModel.swift in Sources */ = {isa = PBXBuildFile; fileRef = C2725B05243228F0000E4A38 /* DustViewModel.swift */; };
		C2725B092432293F000E4A38 /* LocationManagerDelegate.swift in Sources */ = {isa = PBXBuildFile; fileRef = C2725B082432293F000E4A38 /* LocationManagerDelegate.swift */; };
		C2725B0C24322EFF000E4A38 /* UpdateEvent.swift in Sources */ = {isa = PBXBuildFile; fileRef = C2725B0B24322EFF000E4A38 /* UpdateEvent.swift */; };
		C2725B0F24323383000E4A38 /* Endpoints.swift in Sources */ = {isa = PBXBuildFile; fileRef = C2725B0E24323383000E4A38 /* Endpoints.swift */; };
		C2725B1124323640000E4A38 /* APIRouter.swift in Sources */ = {isa = PBXBuildFile; fileRef = C2725B1024323640000E4A38 /* APIRouter.swift */; };
		C2725B1324323987000E4A38 /* Networking.swift in Sources */ = {isa = PBXBuildFile; fileRef = C2725B1224323987000E4A38 /* Networking.swift */; };
		C2725B1624323A37000E4A38 /* NearestStationResponse.swift in Sources */ = {isa = PBXBuildFile; fileRef = C2725B1524323A37000E4A38 /* NearestStationResponse.swift */; };
		C2725B1824323D31000E4A38 /* Obervers.swift in Sources */ = {isa = PBXBuildFile; fileRef = C2725B1724323D31000E4A38 /* Obervers.swift */; };
		C2A15E4624345029008D5886 /* DustStatusResponse.swift in Sources */ = {isa = PBXBuildFile; fileRef = C2A15E4524345029008D5886 /* DustStatusResponse.swift */; };
		C2A4C11F2435E696005B41FE /* DustStatusView.swift in Sources */ = {isa = PBXBuildFile; fileRef = C2A4C11E2435E696005B41FE /* DustStatusView.swift */; };
		C2A4C12124360819005B41FE /* UIImageExtension.swift in Sources */ = {isa = PBXBuildFile; fileRef = C2A4C12024360819005B41FE /* UIImageExtension.swift */; };
		C2A4C12524361B9D005B41FE /* DateFormatterExtension.swift in Sources */ = {isa = PBXBuildFile; fileRef = C2A4C12424361B9D005B41FE /* DateFormatterExtension.swift */; };
		C2A4C12724368932005B41FE /* ForecastResponse.swift in Sources */ = {isa = PBXBuildFile; fileRef = C2A4C12624368932005B41FE /* ForecastResponse.swift */; };
		C2A4C12B24368D33005B41FE /* ForecastViewModel.swift in Sources */ = {isa = PBXBuildFile; fileRef = C2A4C12A24368D33005B41FE /* ForecastViewModel.swift */; };
/* End PBXBuildFile section */

/* Begin PBXContainerItemProxy section */
		C2725AF32430E092000E4A38 /* PBXContainerItemProxy */ = {
			isa = PBXContainerItemProxy;
			containerPortal = C2725AD42430E090000E4A38 /* Project object */;
			proxyType = 1;
			remoteGlobalIDString = C2725ADB2430E090000E4A38;
			remoteInfo = Dust;
		};
/* End PBXContainerItemProxy section */

/* Begin PBXFileReference section */
		C226A1042434CB210098CEFC /* UserFacingMessage.swift */ = {isa = PBXFileReference; lastKnownFileType = sourcecode.swift; path = UserFacingMessage.swift; sourceTree = "<group>"; };
		C226A1072434FA2D0098CEFC /* DustStatusCell.swift */ = {isa = PBXFileReference; lastKnownFileType = sourcecode.swift; path = DustStatusCell.swift; sourceTree = "<group>"; };
		C226A1092434FA790098CEFC /* UITableViewExtension.swift */ = {isa = PBXFileReference; lastKnownFileType = sourcecode.swift; path = UITableViewExtension.swift; sourceTree = "<group>"; };
		C226A10C2435BF3C0098CEFC /* DustStatusTableViewDataSource.swift */ = {isa = PBXFileReference; lastKnownFileType = sourcecode.swift; path = DustStatusTableViewDataSource.swift; sourceTree = "<group>"; };
		C226A10E2435C4F20098CEFC /* UIColorExtension.swift */ = {isa = PBXFileReference; lastKnownFileType = sourcecode.swift; path = UIColorExtension.swift; sourceTree = "<group>"; };
		C226A1102435DF1A0098CEFC /* DustStatusTableViewDelegate.swift */ = {isa = PBXFileReference; lastKnownFileType = sourcecode.swift; path = DustStatusTableViewDelegate.swift; sourceTree = "<group>"; };
		C2725ADC2430E090000E4A38 /* Dust.app */ = {isa = PBXFileReference; explicitFileType = wrapper.application; includeInIndex = 0; path = Dust.app; sourceTree = BUILT_PRODUCTS_DIR; };
		C2725ADF2430E090000E4A38 /* AppDelegate.swift */ = {isa = PBXFileReference; lastKnownFileType = sourcecode.swift; path = AppDelegate.swift; sourceTree = "<group>"; };
		C2725AE12430E090000E4A38 /* SceneDelegate.swift */ = {isa = PBXFileReference; lastKnownFileType = sourcecode.swift; path = SceneDelegate.swift; sourceTree = "<group>"; };
		C2725AE32430E090000E4A38 /* DustViewController.swift */ = {isa = PBXFileReference; lastKnownFileType = sourcecode.swift; path = DustViewController.swift; sourceTree = "<group>"; };
		C2725AE62430E090000E4A38 /* Base */ = {isa = PBXFileReference; lastKnownFileType = file.storyboard; name = Base; path = Base.lproj/Main.storyboard; sourceTree = "<group>"; };
		C2725AE82430E092000E4A38 /* Assets.xcassets */ = {isa = PBXFileReference; lastKnownFileType = folder.assetcatalog; path = Assets.xcassets; sourceTree = "<group>"; };
		C2725AEB2430E092000E4A38 /* Base */ = {isa = PBXFileReference; lastKnownFileType = file.storyboard; name = Base; path = Base.lproj/LaunchScreen.storyboard; sourceTree = "<group>"; };
		C2725AED2430E092000E4A38 /* Info.plist */ = {isa = PBXFileReference; lastKnownFileType = text.plist.xml; path = Info.plist; sourceTree = "<group>"; };
		C2725AF22430E092000E4A38 /* DustTests.xctest */ = {isa = PBXFileReference; explicitFileType = wrapper.cfbundle; includeInIndex = 0; path = DustTests.xctest; sourceTree = BUILT_PRODUCTS_DIR; };
		C2725AF62430E092000E4A38 /* DustTests.swift */ = {isa = PBXFileReference; lastKnownFileType = sourcecode.swift; path = DustTests.swift; sourceTree = "<group>"; };
		C2725AF82430E092000E4A38 /* Info.plist */ = {isa = PBXFileReference; lastKnownFileType = text.plist.xml; path = Info.plist; sourceTree = "<group>"; };
		C2725B012430E269000E4A38 /* ForecastViewController.swift */ = {isa = PBXFileReference; lastKnownFileType = sourcecode.swift; path = ForecastViewController.swift; sourceTree = "<group>"; };
		C2725B05243228F0000E4A38 /* DustViewModel.swift */ = {isa = PBXFileReference; lastKnownFileType = sourcecode.swift; path = DustViewModel.swift; sourceTree = "<group>"; };
		C2725B082432293F000E4A38 /* LocationManagerDelegate.swift */ = {isa = PBXFileReference; lastKnownFileType = sourcecode.swift; path = LocationManagerDelegate.swift; sourceTree = "<group>"; };
		C2725B0B24322EFF000E4A38 /* UpdateEvent.swift */ = {isa = PBXFileReference; lastKnownFileType = sourcecode.swift; path = UpdateEvent.swift; sourceTree = "<group>"; };
		C2725B0E24323383000E4A38 /* Endpoints.swift */ = {isa = PBXFileReference; lastKnownFileType = sourcecode.swift; path = Endpoints.swift; sourceTree = "<group>"; };
		C2725B1024323640000E4A38 /* APIRouter.swift */ = {isa = PBXFileReference; lastKnownFileType = sourcecode.swift; path = APIRouter.swift; sourceTree = "<group>"; };
		C2725B1224323987000E4A38 /* Networking.swift */ = {isa = PBXFileReference; lastKnownFileType = sourcecode.swift; path = Networking.swift; sourceTree = "<group>"; };
		C2725B1524323A37000E4A38 /* NearestStationResponse.swift */ = {isa = PBXFileReference; lastKnownFileType = sourcecode.swift; path = NearestStationResponse.swift; sourceTree = "<group>"; };
		C2725B1724323D31000E4A38 /* Obervers.swift */ = {isa = PBXFileReference; lastKnownFileType = sourcecode.swift; path = Obervers.swift; sourceTree = "<group>"; };
		C2A15E4524345029008D5886 /* DustStatusResponse.swift */ = {isa = PBXFileReference; lastKnownFileType = sourcecode.swift; path = DustStatusResponse.swift; sourceTree = "<group>"; };
		C2A4C11E2435E696005B41FE /* DustStatusView.swift */ = {isa = PBXFileReference; lastKnownFileType = sourcecode.swift; path = DustStatusView.swift; sourceTree = "<group>"; };
		C2A4C12024360819005B41FE /* UIImageExtension.swift */ = {isa = PBXFileReference; lastKnownFileType = sourcecode.swift; path = UIImageExtension.swift; sourceTree = "<group>"; };
		C2A4C12424361B9D005B41FE /* DateFormatterExtension.swift */ = {isa = PBXFileReference; fileEncoding = 4; lastKnownFileType = sourcecode.swift; path = DateFormatterExtension.swift; sourceTree = "<group>"; };
		C2A4C12624368932005B41FE /* ForecastResponse.swift */ = {isa = PBXFileReference; lastKnownFileType = sourcecode.swift; path = ForecastResponse.swift; sourceTree = "<group>"; };
		C2A4C12A24368D33005B41FE /* ForecastViewModel.swift */ = {isa = PBXFileReference; fileEncoding = 4; lastKnownFileType = sourcecode.swift; path = ForecastViewModel.swift; sourceTree = "<group>"; };
/* End PBXFileReference section */

/* Begin PBXFrameworksBuildPhase section */
		C2725AD92430E090000E4A38 /* Frameworks */ = {
			isa = PBXFrameworksBuildPhase;
			buildActionMask = 2147483647;
			files = (
			);
			runOnlyForDeploymentPostprocessing = 0;
		};
		C2725AEF2430E092000E4A38 /* Frameworks */ = {
			isa = PBXFrameworksBuildPhase;
			buildActionMask = 2147483647;
			files = (
			);
			runOnlyForDeploymentPostprocessing = 0;
		};
/* End PBXFrameworksBuildPhase section */

/* Begin PBXGroup section */
		C226A1062434FA040098CEFC /* Views */ = {
			isa = PBXGroup;
			children = (
				C226A1072434FA2D0098CEFC /* DustStatusCell.swift */,
				C2A4C11E2435E696005B41FE /* DustStatusView.swift */,
			);
			path = Views;
			sourceTree = "<group>";
		};
		C226A10B2435BF120098CEFC /* DataSources */ = {
			isa = PBXGroup;
			children = (
				C226A10C2435BF3C0098CEFC /* DustStatusTableViewDataSource.swift */,
			);
			path = DataSources;
			sourceTree = "<group>";
		};
		C2725AD32430E090000E4A38 = {
			isa = PBXGroup;
			children = (
				C2725ADE2430E090000E4A38 /* Dust */,
				C2725AF52430E092000E4A38 /* DustTests */,
				C2725ADD2430E090000E4A38 /* Products */,
			);
			sourceTree = "<group>";
		};
		C2725ADD2430E090000E4A38 /* Products */ = {
			isa = PBXGroup;
			children = (
				C2725ADC2430E090000E4A38 /* Dust.app */,
				C2725AF22430E092000E4A38 /* DustTests.xctest */,
			);
			name = Products;
			sourceTree = "<group>";
		};
		C2725ADE2430E090000E4A38 /* Dust */ = {
			isa = PBXGroup;
			children = (
				C2725B0A24322EF0000E4A38 /* Utils */,
				C2725B1424323A09000E4A38 /* Models */,
				C226A1062434FA040098CEFC /* Views */,
				C2725B032432277B000E4A38 /* ViewModels */,
				C2725B0724322918000E4A38 /* Delegates */,
				C226A10B2435BF120098CEFC /* DataSources */,
				C2725B0424322787000E4A38 /* Controllers */,
				C2725B0D24323365000E4A38 /* Networking */,
				C2725ADF2430E090000E4A38 /* AppDelegate.swift */,
				C2725AE12430E090000E4A38 /* SceneDelegate.swift */,
				C2725AE52430E090000E4A38 /* Main.storyboard */,
				C2725AE82430E092000E4A38 /* Assets.xcassets */,
				C2725AEA2430E092000E4A38 /* LaunchScreen.storyboard */,
				C2725AED2430E092000E4A38 /* Info.plist */,
			);
			path = Dust;
			sourceTree = "<group>";
		};
		C2725AF52430E092000E4A38 /* DustTests */ = {
			isa = PBXGroup;
			children = (
				C2725AF62430E092000E4A38 /* DustTests.swift */,
				C2725AF82430E092000E4A38 /* Info.plist */,
			);
			path = DustTests;
			sourceTree = "<group>";
		};
		C2725B032432277B000E4A38 /* ViewModels */ = {
			isa = PBXGroup;
			children = (
				C2725B05243228F0000E4A38 /* DustViewModel.swift */,
				C2A4C12A24368D33005B41FE /* ForecastViewModel.swift */,
			);
			path = ViewModels;
			sourceTree = "<group>";
		};
		C2725B0424322787000E4A38 /* Controllers */ = {
			isa = PBXGroup;
			children = (
				C2725AE32430E090000E4A38 /* DustViewController.swift */,
				C2725B012430E269000E4A38 /* ForecastViewController.swift */,
			);
			path = Controllers;
			sourceTree = "<group>";
		};
		C2725B0724322918000E4A38 /* Delegates */ = {
			isa = PBXGroup;
			children = (
				C2725B082432293F000E4A38 /* LocationManagerDelegate.swift */,
				C226A1102435DF1A0098CEFC /* DustStatusTableViewDelegate.swift */,
			);
			path = Delegates;
			sourceTree = "<group>";
		};
		C2725B0A24322EF0000E4A38 /* Utils */ = {
			isa = PBXGroup;
			children = (
				C2725B0B24322EFF000E4A38 /* UpdateEvent.swift */,
				C226A1092434FA790098CEFC /* UITableViewExtension.swift */,
				C226A10E2435C4F20098CEFC /* UIColorExtension.swift */,
				C2A4C12024360819005B41FE /* UIImageExtension.swift */,
				C2A4C12424361B9D005B41FE /* DateFormatterExtension.swift */,
			);
			path = Utils;
			sourceTree = "<group>";
		};
		C2725B0D24323365000E4A38 /* Networking */ = {
			isa = PBXGroup;
			children = (
				C2725B0E24323383000E4A38 /* Endpoints.swift */,
				C2725B1024323640000E4A38 /* APIRouter.swift */,
				C2725B1224323987000E4A38 /* Networking.swift */,
			);
			path = Networking;
			sourceTree = "<group>";
		};
		C2725B1424323A09000E4A38 /* Models */ = {
			isa = PBXGroup;
			children = (
				C2725B1524323A37000E4A38 /* NearestStationResponse.swift */,
				C2A15E4524345029008D5886 /* DustStatusResponse.swift */,
				C2725B1724323D31000E4A38 /* Obervers.swift */,
				C226A1042434CB210098CEFC /* UserFacingMessage.swift */,
				C2A4C12624368932005B41FE /* ForecastResponse.swift */,
			);
			path = Models;
			sourceTree = "<group>";
		};
/* End PBXGroup section */

/* Begin PBXNativeTarget section */
		C2725ADB2430E090000E4A38 /* Dust */ = {
			isa = PBXNativeTarget;
			buildConfigurationList = C2725AFB2430E092000E4A38 /* Build configuration list for PBXNativeTarget "Dust" */;
			buildPhases = (
				C2725AD82430E090000E4A38 /* Sources */,
				C2725AD92430E090000E4A38 /* Frameworks */,
				C2725ADA2430E090000E4A38 /* Resources */,
			);
			buildRules = (
			);
			dependencies = (
			);
			name = Dust;
			productName = Dust;
			productReference = C2725ADC2430E090000E4A38 /* Dust.app */;
			productType = "com.apple.product-type.application";
		};
		C2725AF12430E092000E4A38 /* DustTests */ = {
			isa = PBXNativeTarget;
			buildConfigurationList = C2725AFE2430E092000E4A38 /* Build configuration list for PBXNativeTarget "DustTests" */;
			buildPhases = (
				C2725AEE2430E092000E4A38 /* Sources */,
				C2725AEF2430E092000E4A38 /* Frameworks */,
				C2725AF02430E092000E4A38 /* Resources */,
			);
			buildRules = (
			);
			dependencies = (
				C2725AF42430E092000E4A38 /* PBXTargetDependency */,
			);
			name = DustTests;
			productName = DustTests;
			productReference = C2725AF22430E092000E4A38 /* DustTests.xctest */;
			productType = "com.apple.product-type.bundle.unit-test";
		};
/* End PBXNativeTarget section */

/* Begin PBXProject section */
		C2725AD42430E090000E4A38 /* Project object */ = {
			isa = PBXProject;
			attributes = {
				LastSwiftUpdateCheck = 1130;
				LastUpgradeCheck = 1130;
				ORGANIZATIONNAME = "Chaewan Park";
				TargetAttributes = {
					C2725ADB2430E090000E4A38 = {
						CreatedOnToolsVersion = 11.3.1;
					};
					C2725AF12430E092000E4A38 = {
						CreatedOnToolsVersion = 11.3.1;
						TestTargetID = C2725ADB2430E090000E4A38;
					};
				};
			};
			buildConfigurationList = C2725AD72430E090000E4A38 /* Build configuration list for PBXProject "Dust" */;
			compatibilityVersion = "Xcode 9.3";
			developmentRegion = en;
			hasScannedForEncodings = 0;
			knownRegions = (
				en,
				Base,
			);
			mainGroup = C2725AD32430E090000E4A38;
			productRefGroup = C2725ADD2430E090000E4A38 /* Products */;
			projectDirPath = "";
			projectRoot = "";
			targets = (
				C2725ADB2430E090000E4A38 /* Dust */,
				C2725AF12430E092000E4A38 /* DustTests */,
			);
		};
/* End PBXProject section */

/* Begin PBXResourcesBuildPhase section */
		C2725ADA2430E090000E4A38 /* Resources */ = {
			isa = PBXResourcesBuildPhase;
			buildActionMask = 2147483647;
			files = (
				C2725AEC2430E092000E4A38 /* LaunchScreen.storyboard in Resources */,
				C2725AE92430E092000E4A38 /* Assets.xcassets in Resources */,
				C2725AE72430E090000E4A38 /* Main.storyboard in Resources */,
			);
			runOnlyForDeploymentPostprocessing = 0;
		};
		C2725AF02430E092000E4A38 /* Resources */ = {
			isa = PBXResourcesBuildPhase;
			buildActionMask = 2147483647;
			files = (
			);
			runOnlyForDeploymentPostprocessing = 0;
		};
/* End PBXResourcesBuildPhase section */

/* Begin PBXSourcesBuildPhase section */
		C2725AD82430E090000E4A38 /* Sources */ = {
			isa = PBXSourcesBuildPhase;
			buildActionMask = 2147483647;
			files = (
				C2725AE42430E090000E4A38 /* DustViewController.swift in Sources */,
				C2725B1324323987000E4A38 /* Networking.swift in Sources */,
				C2A4C12524361B9D005B41FE /* DateFormatterExtension.swift in Sources */,
				C2A4C12124360819005B41FE /* UIImageExtension.swift in Sources */,
				C2725B1124323640000E4A38 /* APIRouter.swift in Sources */,
				C2A4C11F2435E696005B41FE /* DustStatusView.swift in Sources */,
				C226A10A2434FA790098CEFC /* UITableViewExtension.swift in Sources */,
				C2A15E4624345029008D5886 /* DustStatusResponse.swift in Sources */,
				C226A10F2435C4F20098CEFC /* UIColorExtension.swift in Sources */,
				C2725B022430E269000E4A38 /* ForecastViewController.swift in Sources */,
				C226A1082434FA2D0098CEFC /* DustStatusCell.swift in Sources */,
				C2725B06243228F0000E4A38 /* DustViewModel.swift in Sources */,
				C2725B1824323D31000E4A38 /* Obervers.swift in Sources */,
				C2725AE02430E090000E4A38 /* AppDelegate.swift in Sources */,
				C2725AE22430E090000E4A38 /* SceneDelegate.swift in Sources */,
				C2A4C12724368932005B41FE /* ForecastResponse.swift in Sources */,
				C2725B1624323A37000E4A38 /* NearestStationResponse.swift in Sources */,
				C226A1052434CB210098CEFC /* UserFacingMessage.swift in Sources */,
				C2725B092432293F000E4A38 /* LocationManagerDelegate.swift in Sources */,
				C226A1112435DF1A0098CEFC /* DustStatusTableViewDelegate.swift in Sources */,
				C226A10D2435BF3C0098CEFC /* DustStatusTableViewDataSource.swift in Sources */,
				C2A4C12B24368D33005B41FE /* ForecastViewModel.swift in Sources */,
				C2725B0F24323383000E4A38 /* Endpoints.swift in Sources */,
				C2725B0C24322EFF000E4A38 /* UpdateEvent.swift in Sources */,
			);
			runOnlyForDeploymentPostprocessing = 0;
		};
		C2725AEE2430E092000E4A38 /* Sources */ = {
			isa = PBXSourcesBuildPhase;
			buildActionMask = 2147483647;
			files = (
				C2725AF72430E092000E4A38 /* DustTests.swift in Sources */,
			);
			runOnlyForDeploymentPostprocessing = 0;
		};
/* End PBXSourcesBuildPhase section */

/* Begin PBXTargetDependency section */
		C2725AF42430E092000E4A38 /* PBXTargetDependency */ = {
			isa = PBXTargetDependency;
			target = C2725ADB2430E090000E4A38 /* Dust */;
			targetProxy = C2725AF32430E092000E4A38 /* PBXContainerItemProxy */;
		};
/* End PBXTargetDependency section */

/* Begin PBXVariantGroup section */
		C2725AE52430E090000E4A38 /* Main.storyboard */ = {
			isa = PBXVariantGroup;
			children = (
				C2725AE62430E090000E4A38 /* Base */,
			);
			name = Main.storyboard;
			sourceTree = "<group>";
		};
		C2725AEA2430E092000E4A38 /* LaunchScreen.storyboard */ = {
			isa = PBXVariantGroup;
			children = (
				C2725AEB2430E092000E4A38 /* Base */,
			);
			name = LaunchScreen.storyboard;
			sourceTree = "<group>";
		};
/* End PBXVariantGroup section */

/* Begin XCBuildConfiguration section */
		C2725AF92430E092000E4A38 /* Debug */ = {
			isa = XCBuildConfiguration;
			buildSettings = {
				ALWAYS_SEARCH_USER_PATHS = NO;
				CLANG_ANALYZER_NONNULL = YES;
				CLANG_ANALYZER_NUMBER_OBJECT_CONVERSION = YES_AGGRESSIVE;
				CLANG_CXX_LANGUAGE_STANDARD = "gnu++14";
				CLANG_CXX_LIBRARY = "libc++";
				CLANG_ENABLE_MODULES = YES;
				CLANG_ENABLE_OBJC_ARC = YES;
				CLANG_ENABLE_OBJC_WEAK = YES;
				CLANG_WARN_BLOCK_CAPTURE_AUTORELEASING = YES;
				CLANG_WARN_BOOL_CONVERSION = YES;
				CLANG_WARN_COMMA = YES;
				CLANG_WARN_CONSTANT_CONVERSION = YES;
				CLANG_WARN_DEPRECATED_OBJC_IMPLEMENTATIONS = YES;
				CLANG_WARN_DIRECT_OBJC_ISA_USAGE = YES_ERROR;
				CLANG_WARN_DOCUMENTATION_COMMENTS = YES;
				CLANG_WARN_EMPTY_BODY = YES;
				CLANG_WARN_ENUM_CONVERSION = YES;
				CLANG_WARN_INFINITE_RECURSION = YES;
				CLANG_WARN_INT_CONVERSION = YES;
				CLANG_WARN_NON_LITERAL_NULL_CONVERSION = YES;
				CLANG_WARN_OBJC_IMPLICIT_RETAIN_SELF = YES;
				CLANG_WARN_OBJC_LITERAL_CONVERSION = YES;
				CLANG_WARN_OBJC_ROOT_CLASS = YES_ERROR;
				CLANG_WARN_RANGE_LOOP_ANALYSIS = YES;
				CLANG_WARN_STRICT_PROTOTYPES = YES;
				CLANG_WARN_SUSPICIOUS_MOVE = YES;
				CLANG_WARN_UNGUARDED_AVAILABILITY = YES_AGGRESSIVE;
				CLANG_WARN_UNREACHABLE_CODE = YES;
				CLANG_WARN__DUPLICATE_METHOD_MATCH = YES;
				COPY_PHASE_STRIP = NO;
				DEBUG_INFORMATION_FORMAT = dwarf;
				ENABLE_STRICT_OBJC_MSGSEND = YES;
				ENABLE_TESTABILITY = YES;
				GCC_C_LANGUAGE_STANDARD = gnu11;
				GCC_DYNAMIC_NO_PIC = NO;
				GCC_NO_COMMON_BLOCKS = YES;
				GCC_OPTIMIZATION_LEVEL = 0;
				GCC_PREPROCESSOR_DEFINITIONS = (
					"DEBUG=1",
					"$(inherited)",
				);
				GCC_WARN_64_TO_32_BIT_CONVERSION = YES;
				GCC_WARN_ABOUT_RETURN_TYPE = YES_ERROR;
				GCC_WARN_UNDECLARED_SELECTOR = YES;
				GCC_WARN_UNINITIALIZED_AUTOS = YES_AGGRESSIVE;
				GCC_WARN_UNUSED_FUNCTION = YES;
				GCC_WARN_UNUSED_VARIABLE = YES;
				IPHONEOS_DEPLOYMENT_TARGET = 13.2;
				MTL_ENABLE_DEBUG_INFO = INCLUDE_SOURCE;
				MTL_FAST_MATH = YES;
				ONLY_ACTIVE_ARCH = YES;
				SDKROOT = iphoneos;
				SWIFT_ACTIVE_COMPILATION_CONDITIONS = DEBUG;
				SWIFT_OPTIMIZATION_LEVEL = "-Onone";
			};
			name = Debug;
		};
		C2725AFA2430E092000E4A38 /* Release */ = {
			isa = XCBuildConfiguration;
			buildSettings = {
				ALWAYS_SEARCH_USER_PATHS = NO;
				CLANG_ANALYZER_NONNULL = YES;
				CLANG_ANALYZER_NUMBER_OBJECT_CONVERSION = YES_AGGRESSIVE;
				CLANG_CXX_LANGUAGE_STANDARD = "gnu++14";
				CLANG_CXX_LIBRARY = "libc++";
				CLANG_ENABLE_MODULES = YES;
				CLANG_ENABLE_OBJC_ARC = YES;
				CLANG_ENABLE_OBJC_WEAK = YES;
				CLANG_WARN_BLOCK_CAPTURE_AUTORELEASING = YES;
				CLANG_WARN_BOOL_CONVERSION = YES;
				CLANG_WARN_COMMA = YES;
				CLANG_WARN_CONSTANT_CONVERSION = YES;
				CLANG_WARN_DEPRECATED_OBJC_IMPLEMENTATIONS = YES;
				CLANG_WARN_DIRECT_OBJC_ISA_USAGE = YES_ERROR;
				CLANG_WARN_DOCUMENTATION_COMMENTS = YES;
				CLANG_WARN_EMPTY_BODY = YES;
				CLANG_WARN_ENUM_CONVERSION = YES;
				CLANG_WARN_INFINITE_RECURSION = YES;
				CLANG_WARN_INT_CONVERSION = YES;
				CLANG_WARN_NON_LITERAL_NULL_CONVERSION = YES;
				CLANG_WARN_OBJC_IMPLICIT_RETAIN_SELF = YES;
				CLANG_WARN_OBJC_LITERAL_CONVERSION = YES;
				CLANG_WARN_OBJC_ROOT_CLASS = YES_ERROR;
				CLANG_WARN_RANGE_LOOP_ANALYSIS = YES;
				CLANG_WARN_STRICT_PROTOTYPES = YES;
				CLANG_WARN_SUSPICIOUS_MOVE = YES;
				CLANG_WARN_UNGUARDED_AVAILABILITY = YES_AGGRESSIVE;
				CLANG_WARN_UNREACHABLE_CODE = YES;
				CLANG_WARN__DUPLICATE_METHOD_MATCH = YES;
				COPY_PHASE_STRIP = NO;
				DEBUG_INFORMATION_FORMAT = "dwarf-with-dsym";
				ENABLE_NS_ASSERTIONS = NO;
				ENABLE_STRICT_OBJC_MSGSEND = YES;
				GCC_C_LANGUAGE_STANDARD = gnu11;
				GCC_NO_COMMON_BLOCKS = YES;
				GCC_WARN_64_TO_32_BIT_CONVERSION = YES;
				GCC_WARN_ABOUT_RETURN_TYPE = YES_ERROR;
				GCC_WARN_UNDECLARED_SELECTOR = YES;
				GCC_WARN_UNINITIALIZED_AUTOS = YES_AGGRESSIVE;
				GCC_WARN_UNUSED_FUNCTION = YES;
				GCC_WARN_UNUSED_VARIABLE = YES;
				IPHONEOS_DEPLOYMENT_TARGET = 13.2;
				MTL_ENABLE_DEBUG_INFO = NO;
				MTL_FAST_MATH = YES;
				SDKROOT = iphoneos;
				SWIFT_COMPILATION_MODE = wholemodule;
				SWIFT_OPTIMIZATION_LEVEL = "-O";
				VALIDATE_PRODUCT = YES;
			};
			name = Release;
		};
		C2725AFC2430E092000E4A38 /* Debug */ = {
			isa = XCBuildConfiguration;
			buildSettings = {
				ASSETCATALOG_COMPILER_APPICON_NAME = AppIcon;
				CODE_SIGN_STYLE = Automatic;
				DEVELOPMENT_TEAM = 7R8M75S4BH;
				INFOPLIST_FILE = Dust/Info.plist;
				LD_RUNPATH_SEARCH_PATHS = (
					"$(inherited)",
					"@executable_path/Frameworks",
				);
				PRODUCT_BUNDLE_IDENTIFIER = com.seizze.Dust;
				PRODUCT_NAME = "$(TARGET_NAME)";
				SWIFT_VERSION = 5.0;
				TARGETED_DEVICE_FAMILY = "1,2";
			};
			name = Debug;
		};
		C2725AFD2430E092000E4A38 /* Release */ = {
			isa = XCBuildConfiguration;
			buildSettings = {
				ASSETCATALOG_COMPILER_APPICON_NAME = AppIcon;
				CODE_SIGN_STYLE = Automatic;
				DEVELOPMENT_TEAM = 7R8M75S4BH;
				INFOPLIST_FILE = Dust/Info.plist;
				LD_RUNPATH_SEARCH_PATHS = (
					"$(inherited)",
					"@executable_path/Frameworks",
				);
				PRODUCT_BUNDLE_IDENTIFIER = com.seizze.Dust;
				PRODUCT_NAME = "$(TARGET_NAME)";
				SWIFT_VERSION = 5.0;
				TARGETED_DEVICE_FAMILY = "1,2";
			};
			name = Release;
		};
		C2725AFF2430E092000E4A38 /* Debug */ = {
			isa = XCBuildConfiguration;
			buildSettings = {
				ALWAYS_EMBED_SWIFT_STANDARD_LIBRARIES = YES;
				BUNDLE_LOADER = "$(TEST_HOST)";
				CODE_SIGN_STYLE = Automatic;
				DEVELOPMENT_TEAM = 7R8M75S4BH;
				INFOPLIST_FILE = DustTests/Info.plist;
				IPHONEOS_DEPLOYMENT_TARGET = 13.2;
				LD_RUNPATH_SEARCH_PATHS = (
					"$(inherited)",
					"@executable_path/Frameworks",
					"@loader_path/Frameworks",
				);
				PRODUCT_BUNDLE_IDENTIFIER = com.seizze.DustTests;
				PRODUCT_NAME = "$(TARGET_NAME)";
				SWIFT_VERSION = 5.0;
				TARGETED_DEVICE_FAMILY = "1,2";
				TEST_HOST = "$(BUILT_PRODUCTS_DIR)/Dust.app/Dust";
			};
			name = Debug;
		};
		C2725B002430E092000E4A38 /* Release */ = {
			isa = XCBuildConfiguration;
			buildSettings = {
				ALWAYS_EMBED_SWIFT_STANDARD_LIBRARIES = YES;
				BUNDLE_LOADER = "$(TEST_HOST)";
				CODE_SIGN_STYLE = Automatic;
				DEVELOPMENT_TEAM = 7R8M75S4BH;
				INFOPLIST_FILE = DustTests/Info.plist;
				IPHONEOS_DEPLOYMENT_TARGET = 13.2;
				LD_RUNPATH_SEARCH_PATHS = (
					"$(inherited)",
					"@executable_path/Frameworks",
					"@loader_path/Frameworks",
				);
				PRODUCT_BUNDLE_IDENTIFIER = com.seizze.DustTests;
				PRODUCT_NAME = "$(TARGET_NAME)";
				SWIFT_VERSION = 5.0;
				TARGETED_DEVICE_FAMILY = "1,2";
				TEST_HOST = "$(BUILT_PRODUCTS_DIR)/Dust.app/Dust";
			};
			name = Release;
		};
/* End XCBuildConfiguration section */

/* Begin XCConfigurationList section */
		C2725AD72430E090000E4A38 /* Build configuration list for PBXProject "Dust" */ = {
			isa = XCConfigurationList;
			buildConfigurations = (
				C2725AF92430E092000E4A38 /* Debug */,
				C2725AFA2430E092000E4A38 /* Release */,
			);
			defaultConfigurationIsVisible = 0;
			defaultConfigurationName = Release;
		};
		C2725AFB2430E092000E4A38 /* Build configuration list for PBXNativeTarget "Dust" */ = {
			isa = XCConfigurationList;
			buildConfigurations = (
				C2725AFC2430E092000E4A38 /* Debug */,
				C2725AFD2430E092000E4A38 /* Release */,
			);
			defaultConfigurationIsVisible = 0;
			defaultConfigurationName = Release;
		};
		C2725AFE2430E092000E4A38 /* Build configuration list for PBXNativeTarget "DustTests" */ = {
			isa = XCConfigurationList;
			buildConfigurations = (
				C2725AFF2430E092000E4A38 /* Debug */,
				C2725B002430E092000E4A38 /* Release */,
			);
			defaultConfigurationIsVisible = 0;
			defaultConfigurationName = Release;
		};
/* End XCConfigurationList section */
	};
	rootObject = C2725AD42430E090000E4A38 /* Project object */;
}
